
Microsoft Visual Studio Solution File, Format Version 12.00
# Visual Studio Version 17
VisualStudioVersion = 17.7.34024.191
MinimumVisualStudioVersion = 10.0.40219.1
Project("{FAE04EC0-301F-11D3-BF4B-00C04F79EFBC}") = "lab_2", "lab_2.csproj", "{DED56077-4089-4082-8209-8B709245EA54}"
EndProject
Global
	GlobalSection(SolutionConfigurationPlatforms) = preSolution
		Debug|Any CPU = Debug|Any CPU
		Release|Any CPU = Release|Any CPU
	EndGlobalSection
	GlobalSection(ProjectConfigurationPlatforms) = postSolution
		{DED56077-4089-4082-8209-8B709245EA54}.Debug|Any CPU.ActiveCfg = Debug|Any CPU
		{DED56077-4089-4082-8209-8B709245EA54}.Debug|Any CPU.Build.0 = Debug|Any CPU
		{DED56077-4089-4082-8209-8B709245EA54}.Release|Any CPU.ActiveCfg = Release|Any CPU
		{DED56077-4089-4082-8209-8B709245EA54}.Release|Any CPU.Build.0 = Release|Any CPU
	EndGlobalSection
	GlobalSection(SolutionProperties) = preSolution
		HideSolutionNode = FALSE
	EndGlobalSection
	GlobalSection(ExtensibilityGlobals) = postSolution
		SolutionGuid = {0375FE48-41A7-4D82-BA4B-E70E9CDD76DB}
	EndGlobalSection
EndGlobal
